%{"gen_stage": {:hex, :gen_stage, "0.12.2", "e0e347cbb1ceb5f4e68a526aec4d64b54ad721f0a8b30aa9d28e0ad749419cbb", [], [], "hexpm"},
  "recon": {:hex, :recon, "2.3.2", "4444c879be323b1b133eec5241cb84bd3821ea194c740d75617e106be4744318", [], [], "hexpm"},
  "tap": {:hex, :tap, "0.1.5", "09b69b55109997b5b46daf0b70fa0d1af30e96ebdff037a113d981e8576ca601", [], [{:recon, "~> 2.3", [hex: :recon, repo: "hexpm", optional: false]}], "hexpm"}}
